
Microsoft Visual Studio Solution File, Format Version 11.00
# Visual Studio 2010
Project("{FAE04EC0-301F-11D3-BF4B-00C04F79EFBC}") = "PokerStats", "PokerStats\PokerStats.csproj", "{7E28535E-BC4F-4BDD-85CE-93DC60789B30}"
EndProject
Project("{FAE04EC0-301F-11D3-BF4B-00C04F79EFBC}") = "PokerStatsDataAccess", "PokerStatsDataAccess\PokerStatsDataAccess.csproj", "{3DB1AB40-2B5B-42F9-91F8-C38E1DD3D5D5}"
EndProject
Project("{FAE04EC0-301F-11D3-BF4B-00C04F79EFBC}") = "PokerStatsProcessor", "PokerStatsProcessor\PokerStatsProcessor.csproj", "{803A1EAD-042C-43BF-9327-41CCBF0DE6A2}"
EndProject
Global
	GlobalSection(SolutionConfigurationPlatforms) = preSolution
		Debug|Any CPU = Debug|Any CPU
		Debug|Mixed Platforms = Debug|Mixed Platforms
		Debug|x86 = Debug|x86
		Release|Any CPU = Release|Any CPU
		Release|Mixed Platforms = Release|Mixed Platforms
		Release|x86 = Release|x86
	EndGlobalSection
	GlobalSection(ProjectConfigurationPlatforms) = postSolution
		{7E28535E-BC4F-4BDD-85CE-93DC60789B30}.Debug|Any CPU.ActiveCfg = Debug|Any CPU
		{7E28535E-BC4F-4BDD-85CE-93DC60789B30}.Debug|Any CPU.Build.0 = Debug|Any CPU
		{7E28535E-BC4F-4BDD-85CE-93DC60789B30}.Debug|Mixed Platforms.ActiveCfg = Debug|Any CPU
		{7E28535E-BC4F-4BDD-85CE-93DC60789B30}.Debug|Mixed Platforms.Build.0 = Debug|Any CPU
		{7E28535E-BC4F-4BDD-85CE-93DC60789B30}.Debug|x86.ActiveCfg = Debug|Any CPU
		{7E28535E-BC4F-4BDD-85CE-93DC60789B30}.Release|Any CPU.ActiveCfg = Release|Any CPU
		{7E28535E-BC4F-4BDD-85CE-93DC60789B30}.Release|Any CPU.Build.0 = Release|Any CPU
		{7E28535E-BC4F-4BDD-85CE-93DC60789B30}.Release|Mixed Platforms.ActiveCfg = Release|Any CPU
		{7E28535E-BC4F-4BDD-85CE-93DC60789B30}.Release|Mixed Platforms.Build.0 = Release|Any CPU
		{7E28535E-BC4F-4BDD-85CE-93DC60789B30}.Release|x86.ActiveCfg = Release|Any CPU
		{3DB1AB40-2B5B-42F9-91F8-C38E1DD3D5D5}.Debug|Any CPU.ActiveCfg = Debug|Any CPU
		{3DB1AB40-2B5B-42F9-91F8-C38E1DD3D5D5}.Debug|Any CPU.Build.0 = Debug|Any CPU
		{3DB1AB40-2B5B-42F9-91F8-C38E1DD3D5D5}.Debug|Mixed Platforms.ActiveCfg = Debug|Any CPU
		{3DB1AB40-2B5B-42F9-91F8-C38E1DD3D5D5}.Debug|Mixed Platforms.Build.0 = Debug|Any CPU
		{3DB1AB40-2B5B-42F9-91F8-C38E1DD3D5D5}.Debug|x86.ActiveCfg = Debug|Any CPU
		{3DB1AB40-2B5B-42F9-91F8-C38E1DD3D5D5}.Release|Any CPU.ActiveCfg = Release|Any CPU
		{3DB1AB40-2B5B-42F9-91F8-C38E1DD3D5D5}.Release|Any CPU.Build.0 = Release|Any CPU
		{3DB1AB40-2B5B-42F9-91F8-C38E1DD3D5D5}.Release|Mixed Platforms.ActiveCfg = Release|Any CPU
		{3DB1AB40-2B5B-42F9-91F8-C38E1DD3D5D5}.Release|Mixed Platforms.Build.0 = Release|Any CPU
		{3DB1AB40-2B5B-42F9-91F8-C38E1DD3D5D5}.Release|x86.ActiveCfg = Release|Any CPU
		{803A1EAD-042C-43BF-9327-41CCBF0DE6A2}.Debug|Any CPU.ActiveCfg = Debug|x86
		{803A1EAD-042C-43BF-9327-41CCBF0DE6A2}.Debug|Any CPU.Build.0 = Debug|x86
		{803A1EAD-042C-43BF-9327-41CCBF0DE6A2}.Debug|Mixed Platforms.ActiveCfg = Debug|x86
		{803A1EAD-042C-43BF-9327-41CCBF0DE6A2}.Debug|Mixed Platforms.Build.0 = Debug|x86
		{803A1EAD-042C-43BF-9327-41CCBF0DE6A2}.Debug|x86.ActiveCfg = Debug|x86
		{803A1EAD-042C-43BF-9327-41CCBF0DE6A2}.Debug|x86.Build.0 = Debug|x86
		{803A1EAD-042C-43BF-9327-41CCBF0DE6A2}.Release|Any CPU.ActiveCfg = Release|x86
		{803A1EAD-042C-43BF-9327-41CCBF0DE6A2}.Release|Mixed Platforms.ActiveCfg = Release|x86
		{803A1EAD-042C-43BF-9327-41CCBF0DE6A2}.Release|Mixed Platforms.Build.0 = Release|x86
		{803A1EAD-042C-43BF-9327-41CCBF0DE6A2}.Release|x86.ActiveCfg = Release|x86
		{803A1EAD-042C-43BF-9327-41CCBF0DE6A2}.Release|x86.Build.0 = Release|x86
	EndGlobalSection
	GlobalSection(SolutionProperties) = preSolution
		HideSolutionNode = FALSE
	EndGlobalSection
EndGlobal
